
Microsoft Visual Studio Solution File, Format Version 12.00
# Visual Studio 14
VisualStudioVersion = 14.0.25420.1
MinimumVisualStudioVersion = 10.0.40219.1
Project("{2150E333-8FDC-42A3-9474-1A3956D46DE8}") = "src", "src", "{4C7A68E3-AD62-4A34-A570-70785F671AF5}"
EndProject
Project("{2150E333-8FDC-42A3-9474-1A3956D46DE8}") = "test", "test", "{93CEDF82-95C0-46C2-9028-BE84D276BB9C}"
EndProject
Project("{FAE04EC0-301F-11D3-BF4B-00C04F79EFBC}") = "TDDKatas", "TDDKatas\TDDKatas.csproj", "{611E2FF0-242B-4C8E-9C10-89669E63DF90}"
EndProject
Project("{FAE04EC0-301F-11D3-BF4B-00C04F79EFBC}") = "TDDKatasTest", "TDDKatasTest\TDDKatasTest.csproj", "{F3A87580-E05C-401B-A8A9-22FBA7DE7F91}"
EndProject
Global
	GlobalSection(SolutionConfigurationPlatforms) = preSolution
		Debug|Any CPU = Debug|Any CPU
		Release|Any CPU = Release|Any CPU
	EndGlobalSection
	GlobalSection(ProjectConfigurationPlatforms) = postSolution
		{611E2FF0-242B-4C8E-9C10-89669E63DF90}.Debug|Any CPU.ActiveCfg = Debug|Any CPU
		{611E2FF0-242B-4C8E-9C10-89669E63DF90}.Debug|Any CPU.Build.0 = Debug|Any CPU
		{611E2FF0-242B-4C8E-9C10-89669E63DF90}.Release|Any CPU.ActiveCfg = Release|Any CPU
		{611E2FF0-242B-4C8E-9C10-89669E63DF90}.Release|Any CPU.Build.0 = Release|Any CPU
		{F3A87580-E05C-401B-A8A9-22FBA7DE7F91}.Debug|Any CPU.ActiveCfg = Debug|Any CPU
		{F3A87580-E05C-401B-A8A9-22FBA7DE7F91}.Debug|Any CPU.Build.0 = Debug|Any CPU
		{F3A87580-E05C-401B-A8A9-22FBA7DE7F91}.Release|Any CPU.ActiveCfg = Release|Any CPU
		{F3A87580-E05C-401B-A8A9-22FBA7DE7F91}.Release|Any CPU.Build.0 = Release|Any CPU
	EndGlobalSection
	GlobalSection(SolutionProperties) = preSolution
		HideSolutionNode = FALSE
	EndGlobalSection
	GlobalSection(NestedProjects) = preSolution
		{611E2FF0-242B-4C8E-9C10-89669E63DF90} = {4C7A68E3-AD62-4A34-A570-70785F671AF5}
		{F3A87580-E05C-401B-A8A9-22FBA7DE7F91} = {93CEDF82-95C0-46C2-9028-BE84D276BB9C}
	EndGlobalSection
EndGlobal
